
Microsoft Visual Studio Solution File, Format Version 12.00
# Visual Studio Version 16
VisualStudioVersion = 16.0.29709.97
MinimumVisualStudioVersion = 10.0.40219.1
Project("{2150E333-8FDC-42A3-9474-1A3956D46DE8}") = "src", "src", "{929F44D0-A040-4DC3-A22F-4C5829C05D44}"
	ProjectSection(SolutionItems) = preProject
		src\Directory.Build.props = src\Directory.Build.props
	EndProjectSection
EndProject
Project("{2150E333-8FDC-42A3-9474-1A3956D46DE8}") = "test", "test", "{9575CB90-BC4B-43BB-8AEA-82C53FDA4187}"
	ProjectSection(SolutionItems) = preProject
		test\Directory.Build.props = test\Directory.Build.props
	EndProjectSection
EndProject
Project("{2150E333-8FDC-42A3-9474-1A3956D46DE8}") = "Solution Items", "Solution Items", "{9C98BA1B-1543-45B8-A11D-C31F51C0D22A}"
	ProjectSection(SolutionItems) = preProject
		dependencies.props = dependencies.props
		Directory.Build.props = Directory.Build.props
		Directory.Build.targets = Directory.Build.targets
		..\..\NuGet.config = ..\..\NuGet.config
		README.md = README.md
		version.props = version.props
	EndProjectSection
EndProject
Project("{2150E333-8FDC-42A3-9474-1A3956D46DE8}") = "samples", "samples", "{E957C8D9-B4A0-488B-838F-BAB4DE080A76}"
	ProjectSection(SolutionItems) = preProject
		samples\Directory.Build.props = samples\Directory.Build.props
	EndProjectSection
EndProject
Project("{9A19103F-16F7-4668-BE54-9A1E7A4F7556}") = "Microsoft.AspNetCore.WebHooks.Receivers", "src\Microsoft.AspNetCore.WebHooks.Receivers\Microsoft.AspNetCore.WebHooks.Receivers.csproj", "{657D9111-1AAD-439A-B7B3-261EDB7BFBE4}"
EndProject
Project("{9A19103F-16F7-4668-BE54-9A1E7A4F7556}") = "Microsoft.AspNetCore.WebHooks.Receivers.Salesforce", "src\Microsoft.AspNetCore.WebHooks.Receivers.Salesforce\Microsoft.AspNetCore.WebHooks.Receivers.Salesforce.csproj", "{40AA776C-E7BB-4786-8FFF-044C71821EE1}"
EndProject
Project("{9A19103F-16F7-4668-BE54-9A1E7A4F7556}") = "SalesforceCoreReceiver", "samples\SalesforceCoreReceiver\SalesforceCoreReceiver.csproj", "{3762D23D-A7BF-499A-BF33-AFAF4647358E}"
EndProject
Project("{9A19103F-16F7-4668-BE54-9A1E7A4F7556}") = "Microsoft.AspNetCore.WebHooks.shared.Test", "test\Microsoft.AspNetCore.shared.Test\Microsoft.AspNetCore.WebHooks.shared.Test.csproj", "{9E9BD14E-E4EA-411C-A980-066C7178D5E8}"
EndProject
Project("{9A19103F-16F7-4668-BE54-9A1E7A4F7556}") = "Microsoft.AspNetCore.WebHooks.Receivers.Test", "test\Microsoft.AspNetCore.WebHooks.Receivers.Test\Microsoft.AspNetCore.WebHooks.Receivers.Test.csproj", "{3EE810BD-AE8A-43F8-AC80-F490C0E2B3D8}"
EndProject
Project("{9A19103F-16F7-4668-BE54-9A1E7A4F7556}") = "Microsoft.AspNetCore.WebHooks.FunctionalTest", "test\Microsoft.AspNetCore.WebHooks.FunctionalTest\Microsoft.AspNetCore.WebHooks.FunctionalTest.csproj", "{F42E56B7-60D4-481A-8585-04015B2B501E}"
EndProject
Global
	GlobalSection(SolutionConfigurationPlatforms) = preSolution
		Debug|Any CPU = Debug|Any CPU
		Release|Any CPU = Release|Any CPU
	EndGlobalSection
	GlobalSection(ProjectConfigurationPlatforms) = postSolution
		{657D9111-1AAD-439A-B7B3-261EDB7BFBE4}.Debug|Any CPU.ActiveCfg = Debug|Any CPU
		{657D9111-1AAD-439A-B7B3-261EDB7BFBE4}.Debug|Any CPU.Build.0 = Debug|Any CPU
		{657D9111-1AAD-439A-B7B3-261EDB7BFBE4}.Release|Any CPU.ActiveCfg = Release|Any CPU
		{657D9111-1AAD-439A-B7B3-261EDB7BFBE4}.Release|Any CPU.Build.0 = Release|Any CPU
		{40AA776C-E7BB-4786-8FFF-044C71821EE1}.Debug|Any CPU.ActiveCfg = Debug|Any CPU
		{40AA776C-E7BB-4786-8FFF-044C71821EE1}.Debug|Any CPU.Build.0 = Debug|Any CPU
		{40AA776C-E7BB-4786-8FFF-044C71821EE1}.Release|Any CPU.ActiveCfg = Release|Any CPU
		{40AA776C-E7BB-4786-8FFF-044C71821EE1}.Release|Any CPU.Build.0 = Release|Any CPU
		{3762D23D-A7BF-499A-BF33-AFAF4647358E}.Debug|Any CPU.ActiveCfg = Debug|Any CPU
		{3762D23D-A7BF-499A-BF33-AFAF4647358E}.Debug|Any CPU.Build.0 = Debug|Any CPU
		{3762D23D-A7BF-499A-BF33-AFAF4647358E}.Release|Any CPU.ActiveCfg = Release|Any CPU
		{3762D23D-A7BF-499A-BF33-AFAF4647358E}.Release|Any CPU.Build.0 = Release|Any CPU
		{9E9BD14E-E4EA-411C-A980-066C7178D5E8}.Debug|Any CPU.ActiveCfg = Debug|Any CPU
		{9E9BD14E-E4EA-411C-A980-066C7178D5E8}.Debug|Any CPU.Build.0 = Debug|Any CPU
		{9E9BD14E-E4EA-411C-A980-066C7178D5E8}.Release|Any CPU.ActiveCfg = Release|Any CPU
		{9E9BD14E-E4EA-411C-A980-066C7178D5E8}.Release|Any CPU.Build.0 = Release|Any CPU
		{3EE810BD-AE8A-43F8-AC80-F490C0E2B3D8}.Debug|Any CPU.ActiveCfg = Debug|Any CPU
		{3EE810BD-AE8A-43F8-AC80-F490C0E2B3D8}.Debug|Any CPU.Build.0 = Debug|Any CPU
		{3EE810BD-AE8A-43F8-AC80-F490C0E2B3D8}.Release|Any CPU.ActiveCfg = Release|Any CPU
		{3EE810BD-AE8A-43F8-AC80-F490C0E2B3D8}.Release|Any CPU.Build.0 = Release|Any CPU
		{F42E56B7-60D4-481A-8585-04015B2B501E}.Debug|Any CPU.ActiveCfg = Debug|Any CPU
		{F42E56B7-60D4-481A-8585-04015B2B501E}.Debug|Any CPU.Build.0 = Debug|Any CPU
		{F42E56B7-60D4-481A-8585-04015B2B501E}.Release|Any CPU.ActiveCfg = Release|Any CPU
		{F42E56B7-60D4-481A-8585-04015B2B501E}.Release|Any CPU.Build.0 = Release|Any CPU
	EndGlobalSection
	GlobalSection(SolutionProperties) = preSolution
		HideSolutionNode = FALSE
	EndGlobalSection
	GlobalSection(NestedProjects) = preSolution
		{657D9111-1AAD-439A-B7B3-261EDB7BFBE4} = {929F44D0-A040-4DC3-A22F-4C5829C05D44}
		{40AA776C-E7BB-4786-8FFF-044C71821EE1} = {929F44D0-A040-4DC3-A22F-4C5829C05D44}
		{3762D23D-A7BF-499A-BF33-AFAF4647358E} = {E957C8D9-B4A0-488B-838F-BAB4DE080A76}
		{9E9BD14E-E4EA-411C-A980-066C7178D5E8} = {9575CB90-BC4B-43BB-8AEA-82C53FDA4187}
		{3EE810BD-AE8A-43F8-AC80-F490C0E2B3D8} = {9575CB90-BC4B-43BB-8AEA-82C53FDA4187}
		{F42E56B7-60D4-481A-8585-04015B2B501E} = {9575CB90-BC4B-43BB-8AEA-82C53FDA4187}
	EndGlobalSection
	GlobalSection(ExtensibilityGlobals) = postSolution
		EnterpriseLibraryConfigurationToolBinariesPathV6 = packages\EnterpriseLibrary.TransientFaultHandling.6.0.1304.0\lib\portable-net45+win+wp8;packages\EnterpriseLibrary.TransientFaultHandling.Data.6.0.1304.1\lib\NET45
		SolutionGuid = {12CE6238-F847-4984-8622-1ED46072150A}
	EndGlobalSection
EndGlobal
